
Microsoft Visual Studio Solution File, Format Version 12.00
# Visual Studio Version 17
VisualStudioVersion = 17.8.34525.116
MinimumVisualStudioVersion = 10.0.40219.1
Project("{FAE04EC0-301F-11D3-BF4B-00C04F79EFBC}") = "ECMH", "ECMH\ECMH.csproj", "{D9C54E6E-DEA3-485C-A7C3-53ECE207305C}"
EndProject
Global
	GlobalSection(SolutionConfigurationPlatforms) = preSolution
		Debug|Any CPU = Debug|Any CPU
		Release|Any CPU = Release|Any CPU
	EndGlobalSection
	GlobalSection(ProjectConfigurationPlatforms) = postSolution
		{D9C54E6E-DEA3-485C-A7C3-53ECE207305C}.Debug|Any CPU.ActiveCfg = Debug|Any CPU
		{D9C54E6E-DEA3-485C-A7C3-53ECE207305C}.Debug|Any CPU.Build.0 = Debug|Any CPU
		{D9C54E6E-DEA3-485C-A7C3-53ECE207305C}.Release|Any CPU.ActiveCfg = Release|Any CPU
		{D9C54E6E-DEA3-485C-A7C3-53ECE207305C}.Release|Any CPU.Build.0 = Release|Any CPU
	EndGlobalSection
	GlobalSection(SolutionProperties) = preSolution
		HideSolutionNode = FALSE
	EndGlobalSection
	GlobalSection(ExtensibilityGlobals) = postSolution
		SolutionGuid = {AF77E840-F8D5-4B66-82EB-E45C8E787A50}
	EndGlobalSection
EndGlobal
